
Microsoft Visual Studio Solution File, Format Version 12.00
# Visual Studio Version 17
VisualStudioVersion = 17.8.34330.188
MinimumVisualStudioVersion = 10.0.40219.1
Project("{FAE04EC0-301F-11D3-BF4B-00C04F79EFBC}") = "WebApp", "WebApp\WebApp.csproj", "{D1C7A7D3-CC5E-410B-8C22-2C900F348CD7}"
EndProject
Project("{FAE04EC0-301F-11D3-BF4B-00C04F79EFBC}") = "Infrastructure", "Infrastructure\Infrastructure.csproj", "{5962001B-4FB7-490F-84DA-EE17B4174CF0}"
EndProject
Project("{FAE04EC0-301F-11D3-BF4B-00C04F79EFBC}") = "Admin", "Admin\Admin.csproj", "{563549F2-9754-433B-B629-01EBF017EDE9}"
EndProject
Global
	GlobalSection(SolutionConfigurationPlatforms) = preSolution
		Debug|Any CPU = Debug|Any CPU
		Release|Any CPU = Release|Any CPU
	EndGlobalSection
	GlobalSection(ProjectConfigurationPlatforms) = postSolution
		{D1C7A7D3-CC5E-410B-8C22-2C900F348CD7}.Debug|Any CPU.ActiveCfg = Debug|Any CPU
		{D1C7A7D3-CC5E-410B-8C22-2C900F348CD7}.Debug|Any CPU.Build.0 = Debug|Any CPU
		{D1C7A7D3-CC5E-410B-8C22-2C900F348CD7}.Release|Any CPU.ActiveCfg = Release|Any CPU
		{D1C7A7D3-CC5E-410B-8C22-2C900F348CD7}.Release|Any CPU.Build.0 = Release|Any CPU
		{5962001B-4FB7-490F-84DA-EE17B4174CF0}.Debug|Any CPU.ActiveCfg = Debug|Any CPU
		{5962001B-4FB7-490F-84DA-EE17B4174CF0}.Debug|Any CPU.Build.0 = Debug|Any CPU
		{5962001B-4FB7-490F-84DA-EE17B4174CF0}.Release|Any CPU.ActiveCfg = Release|Any CPU
		{5962001B-4FB7-490F-84DA-EE17B4174CF0}.Release|Any CPU.Build.0 = Release|Any CPU
		{563549F2-9754-433B-B629-01EBF017EDE9}.Debug|Any CPU.ActiveCfg = Debug|Any CPU
		{563549F2-9754-433B-B629-01EBF017EDE9}.Debug|Any CPU.Build.0 = Debug|Any CPU
		{563549F2-9754-433B-B629-01EBF017EDE9}.Release|Any CPU.ActiveCfg = Release|Any CPU
		{563549F2-9754-433B-B629-01EBF017EDE9}.Release|Any CPU.Build.0 = Release|Any CPU
	EndGlobalSection
	GlobalSection(SolutionProperties) = preSolution
		HideSolutionNode = FALSE
	EndGlobalSection
	GlobalSection(ExtensibilityGlobals) = postSolution
		SolutionGuid = {D203631B-F449-4E48-8EA1-D859003A7B92}
	EndGlobalSection
EndGlobal
